// !$*UTF8*$!
{
	archiveVersion = 1;
	classes = {
	};
	objectVersion = 56;
	objects = {

/* Begin PBXBuildFile section */
		FC05033228E29BA000630663 /* SignUpView.swift in Sources */ = {isa = PBXBuildFile; fileRef = FC05033128E29BA000630663 /* SignUpView.swift */; };
		FC05033428E29E7800630663 /* SignUpTextFieldModifier.swift in Sources */ = {isa = PBXBuildFile; fileRef = FC05033328E29E7800630663 /* SignUpTextFieldModifier.swift */; };
		FC05033628E2A67300630663 /* SignInView.swift in Sources */ = {isa = PBXBuildFile; fileRef = FC05033528E2A67300630663 /* SignInView.swift */; };
		FC533B0528E1386C00A21D5E /* TopControlView.swift in Sources */ = {isa = PBXBuildFile; fileRef = FC533B0428E1386C00A21D5E /* TopControlView.swift */; };
		FC533B0928E13A4700A21D5E /* BottomControlView.swift in Sources */ = {isa = PBXBuildFile; fileRef = FC533B0828E13A4700A21D5E /* BottomControlView.swift */; };
		FC533B0E28E152B400A21D5E /* BottomButtonModifier.swift in Sources */ = {isa = PBXBuildFile; fileRef = FC533B0D28E152B400A21D5E /* BottomButtonModifier.swift */; };
		FC533B1028E1530900A21D5E /* View+.swift in Sources */ = {isa = PBXBuildFile; fileRef = FC533B0F28E1530900A21D5E /* View+.swift */; };
		FC533B1228E1534700A21D5E /* Image+.swift in Sources */ = {isa = PBXBuildFile; fileRef = FC533B1128E1534700A21D5E /* Image+.swift */; };
		FC533B1528E1946400A21D5E /* CardViewModel.swift in Sources */ = {isa = PBXBuildFile; fileRef = FC533B1428E1946400A21D5E /* CardViewModel.swift */; };
		FCACFCA128DB4BC600F0A6A7 /* SampleTinderSwiftUIApp.swift in Sources */ = {isa = PBXBuildFile; fileRef = FCACFCA028DB4BC600F0A6A7 /* SampleTinderSwiftUIApp.swift */; };
		FCACFCA328DB4BC600F0A6A7 /* HomeView.swift in Sources */ = {isa = PBXBuildFile; fileRef = FCACFCA228DB4BC600F0A6A7 /* HomeView.swift */; };
		FCACFCA528DB4BCE00F0A6A7 /* Assets.xcassets in Resources */ = {isa = PBXBuildFile; fileRef = FCACFCA428DB4BCE00F0A6A7 /* Assets.xcassets */; };
		FCACFCA828DB4BCE00F0A6A7 /* Preview Assets.xcassets in Resources */ = {isa = PBXBuildFile; fileRef = FCACFCA728DB4BCE00F0A6A7 /* Preview Assets.xcassets */; };
		FCACFCB228DB4BCE00F0A6A7 /* SampleTinderSwiftUITests.swift in Sources */ = {isa = PBXBuildFile; fileRef = FCACFCB128DB4BCE00F0A6A7 /* SampleTinderSwiftUITests.swift */; };
		FCACFCBC28DB4BCE00F0A6A7 /* SampleTinderSwiftUIUITests.swift in Sources */ = {isa = PBXBuildFile; fileRef = FCACFCBB28DB4BCE00F0A6A7 /* SampleTinderSwiftUIUITests.swift */; };
		FCACFCBE28DB4BCE00F0A6A7 /* SampleTinderSwiftUIUITestsLaunchTests.swift in Sources */ = {isa = PBXBuildFile; fileRef = FCACFCBD28DB4BCE00F0A6A7 /* SampleTinderSwiftUIUITestsLaunchTests.swift */; };
/* End PBXBuildFile section */

/* Begin PBXContainerItemProxy section */
		FCACFCAE28DB4BCE00F0A6A7 /* PBXContainerItemProxy */ = {
			isa = PBXContainerItemProxy;
			containerPortal = FCACFC9528DB4BC600F0A6A7 /* Project object */;
			proxyType = 1;
			remoteGlobalIDString = FCACFC9C28DB4BC600F0A6A7;
			remoteInfo = SampleTinderSwiftUI;
		};
		FCACFCB828DB4BCE00F0A6A7 /* PBXContainerItemProxy */ = {
			isa = PBXContainerItemProxy;
			containerPortal = FCACFC9528DB4BC600F0A6A7 /* Project object */;
			proxyType = 1;
			remoteGlobalIDString = FCACFC9C28DB4BC600F0A6A7;
			remoteInfo = SampleTinderSwiftUI;
		};
/* End PBXContainerItemProxy section */

/* Begin PBXFileReference section */
		FC05033128E29BA000630663 /* SignUpView.swift */ = {isa = PBXFileReference; lastKnownFileType = sourcecode.swift; path = SignUpView.swift; sourceTree = "<group>"; };
		FC05033328E29E7800630663 /* SignUpTextFieldModifier.swift */ = {isa = PBXFileReference; lastKnownFileType = sourcecode.swift; path = SignUpTextFieldModifier.swift; sourceTree = "<group>"; };
		FC05033528E2A67300630663 /* SignInView.swift */ = {isa = PBXFileReference; lastKnownFileType = sourcecode.swift; path = SignInView.swift; sourceTree = "<group>"; };
		FC533B0428E1386C00A21D5E /* TopControlView.swift */ = {isa = PBXFileReference; lastKnownFileType = sourcecode.swift; path = TopControlView.swift; sourceTree = "<group>"; };
		FC533B0828E13A4700A21D5E /* BottomControlView.swift */ = {isa = PBXFileReference; lastKnownFileType = sourcecode.swift; path = BottomControlView.swift; sourceTree = "<group>"; };
		FC533B0D28E152B400A21D5E /* BottomButtonModifier.swift */ = {isa = PBXFileReference; lastKnownFileType = sourcecode.swift; path = BottomButtonModifier.swift; sourceTree = "<group>"; };
		FC533B0F28E1530900A21D5E /* View+.swift */ = {isa = PBXFileReference; lastKnownFileType = sourcecode.swift; path = "View+.swift"; sourceTree = "<group>"; };
		FC533B1128E1534700A21D5E /* Image+.swift */ = {isa = PBXFileReference; lastKnownFileType = sourcecode.swift; path = "Image+.swift"; sourceTree = "<group>"; };
		FC533B1428E1946400A21D5E /* CardViewModel.swift */ = {isa = PBXFileReference; lastKnownFileType = sourcecode.swift; path = CardViewModel.swift; sourceTree = "<group>"; };
		FCACFC9D28DB4BC600F0A6A7 /* SampleTinderSwiftUI.app */ = {isa = PBXFileReference; explicitFileType = wrapper.application; includeInIndex = 0; path = SampleTinderSwiftUI.app; sourceTree = BUILT_PRODUCTS_DIR; };
		FCACFCA028DB4BC600F0A6A7 /* SampleTinderSwiftUIApp.swift */ = {isa = PBXFileReference; lastKnownFileType = sourcecode.swift; path = SampleTinderSwiftUIApp.swift; sourceTree = "<group>"; };
		FCACFCA228DB4BC600F0A6A7 /* HomeView.swift */ = {isa = PBXFileReference; lastKnownFileType = sourcecode.swift; path = HomeView.swift; sourceTree = "<group>"; };
		FCACFCA428DB4BCE00F0A6A7 /* Assets.xcassets */ = {isa = PBXFileReference; lastKnownFileType = folder.assetcatalog; path = Assets.xcassets; sourceTree = "<group>"; };
		FCACFCA728DB4BCE00F0A6A7 /* Preview Assets.xcassets */ = {isa = PBXFileReference; lastKnownFileType = folder.assetcatalog; path = "Preview Assets.xcassets"; sourceTree = "<group>"; };
		FCACFCAD28DB4BCE00F0A6A7 /* SampleTinderSwiftUITests.xctest */ = {isa = PBXFileReference; explicitFileType = wrapper.cfbundle; includeInIndex = 0; path = SampleTinderSwiftUITests.xctest; sourceTree = BUILT_PRODUCTS_DIR; };
		FCACFCB128DB4BCE00F0A6A7 /* SampleTinderSwiftUITests.swift */ = {isa = PBXFileReference; lastKnownFileType = sourcecode.swift; path = SampleTinderSwiftUITests.swift; sourceTree = "<group>"; };
		FCACFCB728DB4BCE00F0A6A7 /* SampleTinderSwiftUIUITests.xctest */ = {isa = PBXFileReference; explicitFileType = wrapper.cfbundle; includeInIndex = 0; path = SampleTinderSwiftUIUITests.xctest; sourceTree = BUILT_PRODUCTS_DIR; };
		FCACFCBB28DB4BCE00F0A6A7 /* SampleTinderSwiftUIUITests.swift */ = {isa = PBXFileReference; lastKnownFileType = sourcecode.swift; path = SampleTinderSwiftUIUITests.swift; sourceTree = "<group>"; };
		FCACFCBD28DB4BCE00F0A6A7 /* SampleTinderSwiftUIUITestsLaunchTests.swift */ = {isa = PBXFileReference; lastKnownFileType = sourcecode.swift; path = SampleTinderSwiftUIUITestsLaunchTests.swift; sourceTree = "<group>"; };
/* End PBXFileReference section */

/* Begin PBXFrameworksBuildPhase section */
		FCACFC9A28DB4BC600F0A6A7 /* Frameworks */ = {
			isa = PBXFrameworksBuildPhase;
			buildActionMask = 2147483647;
			files = (
			);
			runOnlyForDeploymentPostprocessing = 0;
		};
		FCACFCAA28DB4BCE00F0A6A7 /* Frameworks */ = {
			isa = PBXFrameworksBuildPhase;
			buildActionMask = 2147483647;
			files = (
			);
			runOnlyForDeploymentPostprocessing = 0;
		};
		FCACFCB428DB4BCE00F0A6A7 /* Frameworks */ = {
			isa = PBXFrameworksBuildPhase;
			buildActionMask = 2147483647;
			files = (
			);
			runOnlyForDeploymentPostprocessing = 0;
		};
/* End PBXFrameworksBuildPhase section */

/* Begin PBXGroup section */
		FC533B0328E1378600A21D5E /* Views */ = {
			isa = PBXGroup;
			children = (
				FCACFCA228DB4BC600F0A6A7 /* HomeView.swift */,
				FC533B0428E1386C00A21D5E /* TopControlView.swift */,
				FC533B0828E13A4700A21D5E /* BottomControlView.swift */,
				FC05033128E29BA000630663 /* SignUpView.swift */,
				FC05033528E2A67300630663 /* SignInView.swift */,
			);
			path = Views;
			sourceTree = "<group>";
		};
		FC533B0A28E1521400A21D5E /* Util */ = {
			isa = PBXGroup;
			children = (
				FC533B0C28E1523B00A21D5E /* Modifier */,
				FC533B0B28E1522700A21D5E /* Extensions */,
			);
			path = Util;
			sourceTree = "<group>";
		};
		FC533B0B28E1522700A21D5E /* Extensions */ = {
			isa = PBXGroup;
			children = (
				FC533B0F28E1530900A21D5E /* View+.swift */,
				FC533B1128E1534700A21D5E /* Image+.swift */,
			);
			path = Extensions;
			sourceTree = "<group>";
		};
		FC533B0C28E1523B00A21D5E /* Modifier */ = {
			isa = PBXGroup;
			children = (
				FC533B0D28E152B400A21D5E /* BottomButtonModifier.swift */,
				FC05033328E29E7800630663 /* SignUpTextFieldModifier.swift */,
			);
			path = Modifier;
			sourceTree = "<group>";
		};
		FC533B1328E1943B00A21D5E /* ViewModels */ = {
			isa = PBXGroup;
			children = (
				FC533B1428E1946400A21D5E /* CardViewModel.swift */,
			);
			path = ViewModels;
			sourceTree = "<group>";
		};
		FCACFC9428DB4BC600F0A6A7 = {
			isa = PBXGroup;
			children = (
				FCACFC9F28DB4BC600F0A6A7 /* SampleTinderSwiftUI */,
				FCACFCB028DB4BCE00F0A6A7 /* SampleTinderSwiftUITests */,
				FCACFCBA28DB4BCE00F0A6A7 /* SampleTinderSwiftUIUITests */,
				FCACFC9E28DB4BC600F0A6A7 /* Products */,
			);
			sourceTree = "<group>";
		};
		FCACFC9E28DB4BC600F0A6A7 /* Products */ = {
			isa = PBXGroup;
			children = (
				FCACFC9D28DB4BC600F0A6A7 /* SampleTinderSwiftUI.app */,
				FCACFCAD28DB4BCE00F0A6A7 /* SampleTinderSwiftUITests.xctest */,
				FCACFCB728DB4BCE00F0A6A7 /* SampleTinderSwiftUIUITests.xctest */,
			);
			name = Products;
			sourceTree = "<group>";
		};
		FCACFC9F28DB4BC600F0A6A7 /* SampleTinderSwiftUI */ = {
			isa = PBXGroup;
			children = (
				FC533B0A28E1521400A21D5E /* Util */,
				FC533B0328E1378600A21D5E /* Views */,
				FC533B1328E1943B00A21D5E /* ViewModels */,
				FCACFCA028DB4BC600F0A6A7 /* SampleTinderSwiftUIApp.swift */,
				FCACFCA428DB4BCE00F0A6A7 /* Assets.xcassets */,
				FCACFCA628DB4BCE00F0A6A7 /* Preview Content */,
			);
			path = SampleTinderSwiftUI;
			sourceTree = "<group>";
		};
		FCACFCA628DB4BCE00F0A6A7 /* Preview Content */ = {
			isa = PBXGroup;
			children = (
				FCACFCA728DB4BCE00F0A6A7 /* Preview Assets.xcassets */,
			);
			path = "Preview Content";
			sourceTree = "<group>";
		};
		FCACFCB028DB4BCE00F0A6A7 /* SampleTinderSwiftUITests */ = {
			isa = PBXGroup;
			children = (
				FCACFCB128DB4BCE00F0A6A7 /* SampleTinderSwiftUITests.swift */,
			);
			path = SampleTinderSwiftUITests;
			sourceTree = "<group>";
		};
		FCACFCBA28DB4BCE00F0A6A7 /* SampleTinderSwiftUIUITests */ = {
			isa = PBXGroup;
			children = (
				FCACFCBB28DB4BCE00F0A6A7 /* SampleTinderSwiftUIUITests.swift */,
				FCACFCBD28DB4BCE00F0A6A7 /* SampleTinderSwiftUIUITestsLaunchTests.swift */,
			);
			path = SampleTinderSwiftUIUITests;
			sourceTree = "<group>";
		};
/* End PBXGroup section */

/* Begin PBXNativeTarget section */
		FCACFC9C28DB4BC600F0A6A7 /* SampleTinderSwiftUI */ = {
			isa = PBXNativeTarget;
			buildConfigurationList = FCACFCC128DB4BCE00F0A6A7 /* Build configuration list for PBXNativeTarget "SampleTinderSwiftUI" */;
			buildPhases = (
				FCACFC9928DB4BC600F0A6A7 /* Sources */,
				FCACFC9A28DB4BC600F0A6A7 /* Frameworks */,
				FCACFC9B28DB4BC600F0A6A7 /* Resources */,
			);
			buildRules = (
			);
			dependencies = (
			);
			name = SampleTinderSwiftUI;
			productName = SampleTinderSwiftUI;
			productReference = FCACFC9D28DB4BC600F0A6A7 /* SampleTinderSwiftUI.app */;
			productType = "com.apple.product-type.application";
		};
		FCACFCAC28DB4BCE00F0A6A7 /* SampleTinderSwiftUITests */ = {
			isa = PBXNativeTarget;
			buildConfigurationList = FCACFCC428DB4BCE00F0A6A7 /* Build configuration list for PBXNativeTarget "SampleTinderSwiftUITests" */;
			buildPhases = (
				FCACFCA928DB4BCE00F0A6A7 /* Sources */,
				FCACFCAA28DB4BCE00F0A6A7 /* Frameworks */,
				FCACFCAB28DB4BCE00F0A6A7 /* Resources */,
			);
			buildRules = (
			);
			dependencies = (
				FCACFCAF28DB4BCE00F0A6A7 /* PBXTargetDependency */,
			);
			name = SampleTinderSwiftUITests;
			productName = SampleTinderSwiftUITests;
			productReference = FCACFCAD28DB4BCE00F0A6A7 /* SampleTinderSwiftUITests.xctest */;
			productType = "com.apple.product-type.bundle.unit-test";
		};
		FCACFCB628DB4BCE00F0A6A7 /* SampleTinderSwiftUIUITests */ = {
			isa = PBXNativeTarget;
			buildConfigurationList = FCACFCC728DB4BCE00F0A6A7 /* Build configuration list for PBXNativeTarget "SampleTinderSwiftUIUITests" */;
			buildPhases = (
				FCACFCB328DB4BCE00F0A6A7 /* Sources */,
				FCACFCB428DB4BCE00F0A6A7 /* Frameworks */,
				FCACFCB528DB4BCE00F0A6A7 /* Resources */,
			);
			buildRules = (
			);
			dependencies = (
				FCACFCB928DB4BCE00F0A6A7 /* PBXTargetDependency */,
			);
			name = SampleTinderSwiftUIUITests;
			productName = SampleTinderSwiftUIUITests;
			productReference = FCACFCB728DB4BCE00F0A6A7 /* SampleTinderSwiftUIUITests.xctest */;
			productType = "com.apple.product-type.bundle.ui-testing";
		};
/* End PBXNativeTarget section */

/* Begin PBXProject section */
		FCACFC9528DB4BC600F0A6A7 /* Project object */ = {
			isa = PBXProject;
			attributes = {
				BuildIndependentTargetsInParallel = 1;
				LastSwiftUpdateCheck = 1400;
				LastUpgradeCheck = 1400;
				TargetAttributes = {
					FCACFC9C28DB4BC600F0A6A7 = {
						CreatedOnToolsVersion = 14.0;
					};
					FCACFCAC28DB4BCE00F0A6A7 = {
						CreatedOnToolsVersion = 14.0;
						TestTargetID = FCACFC9C28DB4BC600F0A6A7;
					};
					FCACFCB628DB4BCE00F0A6A7 = {
						CreatedOnToolsVersion = 14.0;
						TestTargetID = FCACFC9C28DB4BC600F0A6A7;
					};
				};
			};
			buildConfigurationList = FCACFC9828DB4BC600F0A6A7 /* Build configuration list for PBXProject "SampleTinderSwiftUI" */;
			compatibilityVersion = "Xcode 14.0";
			developmentRegion = en;
			hasScannedForEncodings = 0;
			knownRegions = (
				en,
				Base,
			);
			mainGroup = FCACFC9428DB4BC600F0A6A7;
			productRefGroup = FCACFC9E28DB4BC600F0A6A7 /* Products */;
			projectDirPath = "";
			projectRoot = "";
			targets = (
				FCACFC9C28DB4BC600F0A6A7 /* SampleTinderSwiftUI */,
				FCACFCAC28DB4BCE00F0A6A7 /* SampleTinderSwiftUITests */,
				FCACFCB628DB4BCE00F0A6A7 /* SampleTinderSwiftUIUITests */,
			);
		};
/* End PBXProject section */

/* Begin PBXResourcesBuildPhase section */
		FCACFC9B28DB4BC600F0A6A7 /* Resources */ = {
			isa = PBXResourcesBuildPhase;
			buildActionMask = 2147483647;
			files = (
				FCACFCA828DB4BCE00F0A6A7 /* Preview Assets.xcassets in Resources */,
				FCACFCA528DB4BCE00F0A6A7 /* Assets.xcassets in Resources */,
			);
			runOnlyForDeploymentPostprocessing = 0;
		};
		FCACFCAB28DB4BCE00F0A6A7 /* Resources */ = {
			isa = PBXResourcesBuildPhase;
			buildActionMask = 2147483647;
			files = (
			);
			runOnlyForDeploymentPostprocessing = 0;
		};
		FCACFCB528DB4BCE00F0A6A7 /* Resources */ = {
			isa = PBXResourcesBuildPhase;
			buildActionMask = 2147483647;
			files = (
			);
			runOnlyForDeploymentPostprocessing = 0;
		};
/* End PBXResourcesBuildPhase section */

/* Begin PBXSourcesBuildPhase section */
		FCACFC9928DB4BC600F0A6A7 /* Sources */ = {
			isa = PBXSourcesBuildPhase;
			buildActionMask = 2147483647;
			files = (
				FC05033228E29BA000630663 /* SignUpView.swift in Sources */,
				FC533B0528E1386C00A21D5E /* TopControlView.swift in Sources */,
				FCACFCA328DB4BC600F0A6A7 /* HomeView.swift in Sources */,
				FCACFCA128DB4BC600F0A6A7 /* SampleTinderSwiftUIApp.swift in Sources */,
				FC533B0928E13A4700A21D5E /* BottomControlView.swift in Sources */,
				FC533B1528E1946400A21D5E /* CardViewModel.swift in Sources */,
				FC533B1228E1534700A21D5E /* Image+.swift in Sources */,
				FC533B1028E1530900A21D5E /* View+.swift in Sources */,
				FC05033428E29E7800630663 /* SignUpTextFieldModifier.swift in Sources */,
				FC05033628E2A67300630663 /* SignInView.swift in Sources */,
				FC533B0E28E152B400A21D5E /* BottomButtonModifier.swift in Sources */,
			);
			runOnlyForDeploymentPostprocessing = 0;
		};
		FCACFCA928DB4BCE00F0A6A7 /* Sources */ = {
			isa = PBXSourcesBuildPhase;
			buildActionMask = 2147483647;
			files = (
				FCACFCB228DB4BCE00F0A6A7 /* SampleTinderSwiftUITests.swift in Sources */,
			);
			runOnlyForDeploymentPostprocessing = 0;
		};
		FCACFCB328DB4BCE00F0A6A7 /* Sources */ = {
			isa = PBXSourcesBuildPhase;
			buildActionMask = 2147483647;
			files = (
				FCACFCBE28DB4BCE00F0A6A7 /* SampleTinderSwiftUIUITestsLaunchTests.swift in Sources */,
				FCACFCBC28DB4BCE00F0A6A7 /* SampleTinderSwiftUIUITests.swift in Sources */,
			);
			runOnlyForDeploymentPostprocessing = 0;
		};
/* End PBXSourcesBuildPhase section */

/* Begin PBXTargetDependency section */
		FCACFCAF28DB4BCE00F0A6A7 /* PBXTargetDependency */ = {
			isa = PBXTargetDependency;
			target = FCACFC9C28DB4BC600F0A6A7 /* SampleTinderSwiftUI */;
			targetProxy = FCACFCAE28DB4BCE00F0A6A7 /* PBXContainerItemProxy */;
		};
		FCACFCB928DB4BCE00F0A6A7 /* PBXTargetDependency */ = {
			isa = PBXTargetDependency;
			target = FCACFC9C28DB4BC600F0A6A7 /* SampleTinderSwiftUI */;
			targetProxy = FCACFCB828DB4BCE00F0A6A7 /* PBXContainerItemProxy */;
		};
/* End PBXTargetDependency section */

/* Begin XCBuildConfiguration section */
		FCACFCBF28DB4BCE00F0A6A7 /* Debug */ = {
			isa = XCBuildConfiguration;
			buildSettings = {
				ALWAYS_SEARCH_USER_PATHS = NO;
				CLANG_ANALYZER_NONNULL = YES;
				CLANG_ANALYZER_NUMBER_OBJECT_CONVERSION = YES_AGGRESSIVE;
				CLANG_CXX_LANGUAGE_STANDARD = "gnu++20";
				CLANG_ENABLE_MODULES = YES;
				CLANG_ENABLE_OBJC_ARC = YES;
				CLANG_ENABLE_OBJC_WEAK = YES;
				CLANG_WARN_BLOCK_CAPTURE_AUTORELEASING = YES;
				CLANG_WARN_BOOL_CONVERSION = YES;
				CLANG_WARN_COMMA = YES;
				CLANG_WARN_CONSTANT_CONVERSION = YES;
				CLANG_WARN_DEPRECATED_OBJC_IMPLEMENTATIONS = YES;
				CLANG_WARN_DIRECT_OBJC_ISA_USAGE = YES_ERROR;
				CLANG_WARN_DOCUMENTATION_COMMENTS = YES;
				CLANG_WARN_EMPTY_BODY = YES;
				CLANG_WARN_ENUM_CONVERSION = YES;
				CLANG_WARN_INFINITE_RECURSION = YES;
				CLANG_WARN_INT_CONVERSION = YES;
				CLANG_WARN_NON_LITERAL_NULL_CONVERSION = YES;
				CLANG_WARN_OBJC_IMPLICIT_RETAIN_SELF = YES;
				CLANG_WARN_OBJC_LITERAL_CONVERSION = YES;
				CLANG_WARN_OBJC_ROOT_CLASS = YES_ERROR;
				CLANG_WARN_QUOTED_INCLUDE_IN_FRAMEWORK_HEADER = YES;
				CLANG_WARN_RANGE_LOOP_ANALYSIS = YES;
				CLANG_WARN_STRICT_PROTOTYPES = YES;
				CLANG_WARN_SUSPICIOUS_MOVE = YES;
				CLANG_WARN_UNGUARDED_AVAILABILITY = YES_AGGRESSIVE;
				CLANG_WARN_UNREACHABLE_CODE = YES;
				CLANG_WARN__DUPLICATE_METHOD_MATCH = YES;
				COPY_PHASE_STRIP = NO;
				DEBUG_INFORMATION_FORMAT = dwarf;
				ENABLE_STRICT_OBJC_MSGSEND = YES;
				ENABLE_TESTABILITY = YES;
				GCC_C_LANGUAGE_STANDARD = gnu11;
				GCC_DYNAMIC_NO_PIC = NO;
				GCC_NO_COMMON_BLOCKS = YES;
				GCC_OPTIMIZATION_LEVEL = 0;
				GCC_PREPROCESSOR_DEFINITIONS = (
					"DEBUG=1",
					"$(inherited)",
				);
				GCC_WARN_64_TO_32_BIT_CONVERSION = YES;
				GCC_WARN_ABOUT_RETURN_TYPE = YES_ERROR;
				GCC_WARN_UNDECLARED_SELECTOR = YES;
				GCC_WARN_UNINITIALIZED_AUTOS = YES_AGGRESSIVE;
				GCC_WARN_UNUSED_FUNCTION = YES;
				GCC_WARN_UNUSED_VARIABLE = YES;
				IPHONEOS_DEPLOYMENT_TARGET = 16.0;
				MTL_ENABLE_DEBUG_INFO = INCLUDE_SOURCE;
				MTL_FAST_MATH = YES;
				ONLY_ACTIVE_ARCH = YES;
				SDKROOT = iphoneos;
				SWIFT_ACTIVE_COMPILATION_CONDITIONS = DEBUG;
				SWIFT_OPTIMIZATION_LEVEL = "-Onone";
			};
			name = Debug;
		};
		FCACFCC028DB4BCE00F0A6A7 /* Release */ = {
			isa = XCBuildConfiguration;
			buildSettings = {
				ALWAYS_SEARCH_USER_PATHS = NO;
				CLANG_ANALYZER_NONNULL = YES;
				CLANG_ANALYZER_NUMBER_OBJECT_CONVERSION = YES_AGGRESSIVE;
				CLANG_CXX_LANGUAGE_STANDARD = "gnu++20";
				CLANG_ENABLE_MODULES = YES;
				CLANG_ENABLE_OBJC_ARC = YES;
				CLANG_ENABLE_OBJC_WEAK = YES;
				CLANG_WARN_BLOCK_CAPTURE_AUTORELEASING = YES;
				CLANG_WARN_BOOL_CONVERSION = YES;
				CLANG_WARN_COMMA = YES;
				CLANG_WARN_CONSTANT_CONVERSION = YES;
				CLANG_WARN_DEPRECATED_OBJC_IMPLEMENTATIONS = YES;
				CLANG_WARN_DIRECT_OBJC_ISA_USAGE = YES_ERROR;
				CLANG_WARN_DOCUMENTATION_COMMENTS = YES;
				CLANG_WARN_EMPTY_BODY = YES;
				CLANG_WARN_ENUM_CONVERSION = YES;
				CLANG_WARN_INFINITE_RECURSION = YES;
				CLANG_WARN_INT_CONVERSION = YES;
				CLANG_WARN_NON_LITERAL_NULL_CONVERSION = YES;
				CLANG_WARN_OBJC_IMPLICIT_RETAIN_SELF = YES;
				CLANG_WARN_OBJC_LITERAL_CONVERSION = YES;
				CLANG_WARN_OBJC_ROOT_CLASS = YES_ERROR;
				CLANG_WARN_QUOTED_INCLUDE_IN_FRAMEWORK_HEADER = YES;
				CLANG_WARN_RANGE_LOOP_ANALYSIS = YES;
				CLANG_WARN_STRICT_PROTOTYPES = YES;
				CLANG_WARN_SUSPICIOUS_MOVE = YES;
				CLANG_WARN_UNGUARDED_AVAILABILITY = YES_AGGRESSIVE;
				CLANG_WARN_UNREACHABLE_CODE = YES;
				CLANG_WARN__DUPLICATE_METHOD_MATCH = YES;
				COPY_PHASE_STRIP = NO;
				DEBUG_INFORMATION_FORMAT = "dwarf-with-dsym";
				ENABLE_NS_ASSERTIONS = NO;
				ENABLE_STRICT_OBJC_MSGSEND = YES;
				GCC_C_LANGUAGE_STANDARD = gnu11;
				GCC_NO_COMMON_BLOCKS = YES;
				GCC_WARN_64_TO_32_BIT_CONVERSION = YES;
				GCC_WARN_ABOUT_RETURN_TYPE = YES_ERROR;
				GCC_WARN_UNDECLARED_SELECTOR = YES;
				GCC_WARN_UNINITIALIZED_AUTOS = YES_AGGRESSIVE;
				GCC_WARN_UNUSED_FUNCTION = YES;
				GCC_WARN_UNUSED_VARIABLE = YES;
				IPHONEOS_DEPLOYMENT_TARGET = 16.0;
				MTL_ENABLE_DEBUG_INFO = NO;
				MTL_FAST_MATH = YES;
				SDKROOT = iphoneos;
				SWIFT_COMPILATION_MODE = wholemodule;
				SWIFT_OPTIMIZATION_LEVEL = "-O";
				VALIDATE_PRODUCT = YES;
			};
			name = Release;
		};
		FCACFCC228DB4BCE00F0A6A7 /* Debug */ = {
			isa = XCBuildConfiguration;
			buildSettings = {
				ASSETCATALOG_COMPILER_APPICON_NAME = AppIcon;
				ASSETCATALOG_COMPILER_GLOBAL_ACCENT_COLOR_NAME = AccentColor;
				CODE_SIGN_STYLE = Automatic;
				CURRENT_PROJECT_VERSION = 1;
				DEVELOPMENT_ASSET_PATHS = "\"SampleTinderSwiftUI/Preview Content\"";
				DEVELOPMENT_TEAM = D2LPL47T23;
				ENABLE_PREVIEWS = YES;
				GENERATE_INFOPLIST_FILE = YES;
				INFOPLIST_KEY_UIApplicationSceneManifest_Generation = YES;
				INFOPLIST_KEY_UIApplicationSupportsIndirectInputEvents = YES;
				INFOPLIST_KEY_UILaunchScreen_Generation = YES;
				INFOPLIST_KEY_UISupportedInterfaceOrientations_iPad = "UIInterfaceOrientationPortrait UIInterfaceOrientationPortraitUpsideDown UIInterfaceOrientationLandscapeLeft UIInterfaceOrientationLandscapeRight";
				INFOPLIST_KEY_UISupportedInterfaceOrientations_iPhone = "UIInterfaceOrientationPortrait UIInterfaceOrientationLandscapeLeft UIInterfaceOrientationLandscapeRight";
				LD_RUNPATH_SEARCH_PATHS = (
					"$(inherited)",
					"@executable_path/Frameworks",
				);
				MARKETING_VERSION = 1.0;
				PRODUCT_BUNDLE_IDENTIFIER = com.tanaka.SampleTinderSwiftUI;
				PRODUCT_NAME = "$(TARGET_NAME)";
				SWIFT_EMIT_LOC_STRINGS = YES;
				SWIFT_VERSION = 5.0;
				TARGETED_DEVICE_FAMILY = "1,2";
			};
			name = Debug;
		};
		FCACFCC328DB4BCE00F0A6A7 /* Release */ = {
			isa = XCBuildConfiguration;
			buildSettings = {
				ASSETCATALOG_COMPILER_APPICON_NAME = AppIcon;
				ASSETCATALOG_COMPILER_GLOBAL_ACCENT_COLOR_NAME = AccentColor;
				CODE_SIGN_STYLE = Automatic;
				CURRENT_PROJECT_VERSION = 1;
				DEVELOPMENT_ASSET_PATHS = "\"SampleTinderSwiftUI/Preview Content\"";
				DEVELOPMENT_TEAM = D2LPL47T23;
				ENABLE_PREVIEWS = YES;
				GENERATE_INFOPLIST_FILE = YES;
				INFOPLIST_KEY_UIApplicationSceneManifest_Generation = YES;
				INFOPLIST_KEY_UIApplicationSupportsIndirectInputEvents = YES;
				INFOPLIST_KEY_UILaunchScreen_Generation = YES;
				INFOPLIST_KEY_UISupportedInterfaceOrientations_iPad = "UIInterfaceOrientationPortrait UIInterfaceOrientationPortraitUpsideDown UIInterfaceOrientationLandscapeLeft UIInterfaceOrientationLandscapeRight";
				INFOPLIST_KEY_UISupportedInterfaceOrientations_iPhone = "UIInterfaceOrientationPortrait UIInterfaceOrientationLandscapeLeft UIInterfaceOrientationLandscapeRight";
				LD_RUNPATH_SEARCH_PATHS = (
					"$(inherited)",
					"@executable_path/Frameworks",
				);
				MARKETING_VERSION = 1.0;
				PRODUCT_BUNDLE_IDENTIFIER = com.tanaka.SampleTinderSwiftUI;
				PRODUCT_NAME = "$(TARGET_NAME)";
				SWIFT_EMIT_LOC_STRINGS = YES;
				SWIFT_VERSION = 5.0;
				TARGETED_DEVICE_FAMILY = "1,2";
			};
			name = Release;
		};
		FCACFCC528DB4BCE00F0A6A7 /* Debug */ = {
			isa = XCBuildConfiguration;
			buildSettings = {
				ALWAYS_EMBED_SWIFT_STANDARD_LIBRARIES = YES;
				BUNDLE_LOADER = "$(TEST_HOST)";
				CODE_SIGN_STYLE = Automatic;
				CURRENT_PROJECT_VERSION = 1;
				DEVELOPMENT_TEAM = D2LPL47T23;
				GENERATE_INFOPLIST_FILE = YES;
				IPHONEOS_DEPLOYMENT_TARGET = 16.0;
				MARKETING_VERSION = 1.0;
				PRODUCT_BUNDLE_IDENTIFIER = com.tanaka.SampleTinderSwiftUITests;
				PRODUCT_NAME = "$(TARGET_NAME)";
				SWIFT_EMIT_LOC_STRINGS = NO;
				SWIFT_VERSION = 5.0;
				TARGETED_DEVICE_FAMILY = "1,2";
				TEST_HOST = "$(BUILT_PRODUCTS_DIR)/SampleTinderSwiftUI.app/$(BUNDLE_EXECUTABLE_FOLDER_PATH)/SampleTinderSwiftUI";
			};
			name = Debug;
		};
		FCACFCC628DB4BCE00F0A6A7 /* Release */ = {
			isa = XCBuildConfiguration;
			buildSettings = {
				ALWAYS_EMBED_SWIFT_STANDARD_LIBRARIES = YES;
				BUNDLE_LOADER = "$(TEST_HOST)";
				CODE_SIGN_STYLE = Automatic;
				CURRENT_PROJECT_VERSION = 1;
				DEVELOPMENT_TEAM = D2LPL47T23;
				GENERATE_INFOPLIST_FILE = YES;
				IPHONEOS_DEPLOYMENT_TARGET = 16.0;
				MARKETING_VERSION = 1.0;
				PRODUCT_BUNDLE_IDENTIFIER = com.tanaka.SampleTinderSwiftUITests;
				PRODUCT_NAME = "$(TARGET_NAME)";
				SWIFT_EMIT_LOC_STRINGS = NO;
				SWIFT_VERSION = 5.0;
				TARGETED_DEVICE_FAMILY = "1,2";
				TEST_HOST = "$(BUILT_PRODUCTS_DIR)/SampleTinderSwiftUI.app/$(BUNDLE_EXECUTABLE_FOLDER_PATH)/SampleTinderSwiftUI";
			};
			name = Release;
		};
		FCACFCC828DB4BCE00F0A6A7 /* Debug */ = {
			isa = XCBuildConfiguration;
			buildSettings = {
				ALWAYS_EMBED_SWIFT_STANDARD_LIBRARIES = YES;
				CODE_SIGN_STYLE = Automatic;
				CURRENT_PROJECT_VERSION = 1;
				DEVELOPMENT_TEAM = D2LPL47T23;
				GENERATE_INFOPLIST_FILE = YES;
				MARKETING_VERSION = 1.0;
				PRODUCT_BUNDLE_IDENTIFIER = com.tanaka.SampleTinderSwiftUIUITests;
				PRODUCT_NAME = "$(TARGET_NAME)";
				SWIFT_EMIT_LOC_STRINGS = NO;
				SWIFT_VERSION = 5.0;
				TARGETED_DEVICE_FAMILY = "1,2";
				TEST_TARGET_NAME = SampleTinderSwiftUI;
			};
			name = Debug;
		};
		FCACFCC928DB4BCE00F0A6A7 /* Release */ = {
			isa = XCBuildConfiguration;
			buildSettings = {
				ALWAYS_EMBED_SWIFT_STANDARD_LIBRARIES = YES;
				CODE_SIGN_STYLE = Automatic;
				CURRENT_PROJECT_VERSION = 1;
				DEVELOPMENT_TEAM = D2LPL47T23;
				GENERATE_INFOPLIST_FILE = YES;
				MARKETING_VERSION = 1.0;
				PRODUCT_BUNDLE_IDENTIFIER = com.tanaka.SampleTinderSwiftUIUITests;
				PRODUCT_NAME = "$(TARGET_NAME)";
				SWIFT_EMIT_LOC_STRINGS = NO;
				SWIFT_VERSION = 5.0;
				TARGETED_DEVICE_FAMILY = "1,2";
				TEST_TARGET_NAME = SampleTinderSwiftUI;
			};
			name = Release;
		};
/* End XCBuildConfiguration section */

/* Begin XCConfigurationList section */
		FCACFC9828DB4BC600F0A6A7 /* Build configuration list for PBXProject "SampleTinderSwiftUI" */ = {
			isa = XCConfigurationList;
			buildConfigurations = (
				FCACFCBF28DB4BCE00F0A6A7 /* Debug */,
				FCACFCC028DB4BCE00F0A6A7 /* Release */,
			);
			defaultConfigurationIsVisible = 0;
			defaultConfigurationName = Release;
		};
		FCACFCC128DB4BCE00F0A6A7 /* Build configuration list for PBXNativeTarget "SampleTinderSwiftUI" */ = {
			isa = XCConfigurationList;
			buildConfigurations = (
				FCACFCC228DB4BCE00F0A6A7 /* Debug */,
				FCACFCC328DB4BCE00F0A6A7 /* Release */,
			);
			defaultConfigurationIsVisible = 0;
			defaultConfigurationName = Release;
		};
		FCACFCC428DB4BCE00F0A6A7 /* Build configuration list for PBXNativeTarget "SampleTinderSwiftUITests" */ = {
			isa = XCConfigurationList;
			buildConfigurations = (
				FCACFCC528DB4BCE00F0A6A7 /* Debug */,
				FCACFCC628DB4BCE00F0A6A7 /* Release */,
			);
			defaultConfigurationIsVisible = 0;
			defaultConfigurationName = Release;
		};
		FCACFCC728DB4BCE00F0A6A7 /* Build configuration list for PBXNativeTarget "SampleTinderSwiftUIUITests" */ = {
			isa = XCConfigurationList;
			buildConfigurations = (
				FCACFCC828DB4BCE00F0A6A7 /* Debug */,
				FCACFCC928DB4BCE00F0A6A7 /* Release */,
			);
			defaultConfigurationIsVisible = 0;
			defaultConfigurationName = Release;
		};
/* End XCConfigurationList section */
	};
	rootObject = FCACFC9528DB4BC600F0A6A7 /* Project object */;
}
